// !$*UTF8*$!
{
	archiveVersion = 1;
	classes = {
	};
	objectVersion = 50;
	objects = {

/* Begin PBXBuildFile section */
		3563E77ED5A24CE9C152239F /* Pods_FlowerShop.framework in Frameworks */ = {isa = PBXBuildFile; fileRef = 931D0B2EC72F53D0502961D5 /* Pods_FlowerShop.framework */; };
		94CAA61322194BBB00A9802E /* AppDelegate.swift in Sources */ = {isa = PBXBuildFile; fileRef = 94CAA61222194BBB00A9802E /* AppDelegate.swift */; };
		94CAA61822194BBB00A9802E /* Main.storyboard in Resources */ = {isa = PBXBuildFile; fileRef = 94CAA61622194BBB00A9802E /* Main.storyboard */; };
		94CAA61A22194BBC00A9802E /* Assets.xcassets in Resources */ = {isa = PBXBuildFile; fileRef = 94CAA61922194BBC00A9802E /* Assets.xcassets */; };
		94CAA61D22194BBC00A9802E /* LaunchScreen.storyboard in Resources */ = {isa = PBXBuildFile; fileRef = 94CAA61B22194BBC00A9802E /* LaunchScreen.storyboard */; };
		94CAA62522194E5A00A9802E /* OrdersTableViewController.swift in Sources */ = {isa = PBXBuildFile; fileRef = 94CAA62422194E5A00A9802E /* OrdersTableViewController.swift */; };
		94CAA62722194E6900A9802E /* OrderTableViewCell.swift in Sources */ = {isa = PBXBuildFile; fileRef = 94CAA62622194E6900A9802E /* OrderTableViewCell.swift */; };
		94CAA62A2219528700A9802E /* UIColor.swift in Sources */ = {isa = PBXBuildFile; fileRef = 94CAA6292219528700A9802E /* UIColor.swift */; };
		94CAA62D2219546700A9802E /* Order.swift in Sources */ = {isa = PBXBuildFile; fileRef = 94CAA62C2219546700A9802E /* Order.swift */; };
		94CAA6352219554600A9802E /* OrdersFormatter.swift in Sources */ = {isa = PBXBuildFile; fileRef = 94CAA6342219554600A9802E /* OrdersFormatter.swift */; };
		94F25D8C2219564000C44EB1 /* Array.swift in Sources */ = {isa = PBXBuildFile; fileRef = 94F25D8B2219564000C44EB1 /* Array.swift */; };
		94F25D8E2219582500C44EB1 /* OrderDetailsViewController.swift in Sources */ = {isa = PBXBuildFile; fileRef = 94F25D8D2219582500C44EB1 /* OrderDetailsViewController.swift */; };
		94F25D91221958E400C44EB1 /* OrdersDataService.swift in Sources */ = {isa = PBXBuildFile; fileRef = 94F25D90221958E400C44EB1 /* OrdersDataService.swift */; };
/* End PBXBuildFile section */

/* Begin PBXFileReference section */
		74CB8F9460E5215361B9D098 /* Pods-FlowerShop.debug.xcconfig */ = {isa = PBXFileReference; includeInIndex = 1; lastKnownFileType = text.xcconfig; name = "Pods-FlowerShop.debug.xcconfig"; path = "Pods/Target Support Files/Pods-FlowerShop/Pods-FlowerShop.debug.xcconfig"; sourceTree = "<group>"; };
		7E4626B9AE35B99B9C065A10 /* Pods-FlowerShop.release.xcconfig */ = {isa = PBXFileReference; includeInIndex = 1; lastKnownFileType = text.xcconfig; name = "Pods-FlowerShop.release.xcconfig"; path = "Pods/Target Support Files/Pods-FlowerShop/Pods-FlowerShop.release.xcconfig"; sourceTree = "<group>"; };
		931D0B2EC72F53D0502961D5 /* Pods_FlowerShop.framework */ = {isa = PBXFileReference; explicitFileType = wrapper.framework; includeInIndex = 0; path = Pods_FlowerShop.framework; sourceTree = BUILT_PRODUCTS_DIR; };
		94CAA60F22194BBB00A9802E /* FlowerShop.app */ = {isa = PBXFileReference; explicitFileType = wrapper.application; includeInIndex = 0; path = FlowerShop.app; sourceTree = BUILT_PRODUCTS_DIR; };
		94CAA61222194BBB00A9802E /* AppDelegate.swift */ = {isa = PBXFileReference; lastKnownFileType = sourcecode.swift; path = AppDelegate.swift; sourceTree = "<group>"; };
		94CAA61722194BBB00A9802E /* Base */ = {isa = PBXFileReference; lastKnownFileType = file.storyboard; name = Base; path = Base.lproj/Main.storyboard; sourceTree = "<group>"; };
		94CAA61922194BBC00A9802E /* Assets.xcassets */ = {isa = PBXFileReference; lastKnownFileType = folder.assetcatalog; path = Assets.xcassets; sourceTree = "<group>"; };
		94CAA61C22194BBC00A9802E /* Base */ = {isa = PBXFileReference; lastKnownFileType = file.storyboard; name = Base; path = Base.lproj/LaunchScreen.storyboard; sourceTree = "<group>"; };
		94CAA61E22194BBC00A9802E /* Info.plist */ = {isa = PBXFileReference; lastKnownFileType = text.plist.xml; path = Info.plist; sourceTree = "<group>"; };
		94CAA62422194E5A00A9802E /* OrdersTableViewController.swift */ = {isa = PBXFileReference; lastKnownFileType = sourcecode.swift; path = OrdersTableViewController.swift; sourceTree = "<group>"; };
		94CAA62622194E6900A9802E /* OrderTableViewCell.swift */ = {isa = PBXFileReference; lastKnownFileType = sourcecode.swift; path = OrderTableViewCell.swift; sourceTree = "<group>"; };
		94CAA6292219528700A9802E /* UIColor.swift */ = {isa = PBXFileReference; lastKnownFileType = sourcecode.swift; path = UIColor.swift; sourceTree = "<group>"; };
		94CAA62C2219546700A9802E /* Order.swift */ = {isa = PBXFileReference; lastKnownFileType = sourcecode.swift; path = Order.swift; sourceTree = "<group>"; };
		94CAA6342219554600A9802E /* OrdersFormatter.swift */ = {isa = PBXFileReference; lastKnownFileType = sourcecode.swift; path = OrdersFormatter.swift; sourceTree = "<group>"; };
		94F25D8B2219564000C44EB1 /* Array.swift */ = {isa = PBXFileReference; lastKnownFileType = sourcecode.swift; path = Array.swift; sourceTree = "<group>"; };
		94F25D8D2219582500C44EB1 /* OrderDetailsViewController.swift */ = {isa = PBXFileReference; lastKnownFileType = sourcecode.swift; path = OrderDetailsViewController.swift; sourceTree = "<group>"; };
		94F25D90221958E400C44EB1 /* OrdersDataService.swift */ = {isa = PBXFileReference; lastKnownFileType = sourcecode.swift; path = OrdersDataService.swift; sourceTree = "<group>"; };
/* End PBXFileReference section */

/* Begin PBXFrameworksBuildPhase section */
		94CAA60C22194BBB00A9802E /* Frameworks */ = {
			isa = PBXFrameworksBuildPhase;
			buildActionMask = 2147483647;
			files = (
				3563E77ED5A24CE9C152239F /* Pods_FlowerShop.framework in Frameworks */,
			);
			runOnlyForDeploymentPostprocessing = 0;
		};
/* End PBXFrameworksBuildPhase section */

/* Begin PBXGroup section */
		171E91997D8677D810A27B7C /* Frameworks */ = {
			isa = PBXGroup;
			children = (
				931D0B2EC72F53D0502961D5 /* Pods_FlowerShop.framework */,
			);
			name = Frameworks;
			sourceTree = "<group>";
		};
		6FAA1796CECF55B3FA4E613C /* Pods */ = {
			isa = PBXGroup;
			children = (
				74CB8F9460E5215361B9D098 /* Pods-FlowerShop.debug.xcconfig */,
				7E4626B9AE35B99B9C065A10 /* Pods-FlowerShop.release.xcconfig */,
			);
			name = Pods;
			sourceTree = "<group>";
		};
		94CAA60622194BBB00A9802E = {
			isa = PBXGroup;
			children = (
				94CAA61122194BBB00A9802E /* FlowerShop */,
				94CAA61022194BBB00A9802E /* Products */,
				6FAA1796CECF55B3FA4E613C /* Pods */,
				171E91997D8677D810A27B7C /* Frameworks */,
			);
			sourceTree = "<group>";
		};
		94CAA61022194BBB00A9802E /* Products */ = {
			isa = PBXGroup;
			children = (
				94CAA60F22194BBB00A9802E /* FlowerShop.app */,
			);
			name = Products;
			sourceTree = "<group>";
		};
		94CAA61122194BBB00A9802E /* FlowerShop */ = {
			isa = PBXGroup;
			children = (
				94F25D8F221958D000C44EB1 /* Data Service */,
				94CAA6332219553600A9802E /* Util */,
				94CAA6322219552400A9802E /* Resources */,
				94CAA6312219551500A9802E /* Views */,
				94CAA6302219550A00A9802E /* Controllers */,
				94CAA62B2219545D00A9802E /* Model */,
				94CAA6282219527300A9802E /* Categories & Extensions */,
				94CAA61222194BBB00A9802E /* AppDelegate.swift */,
				94CAA61E22194BBC00A9802E /* Info.plist */,
			);
			path = FlowerShop;
			sourceTree = "<group>";
		};
		94CAA6282219527300A9802E /* Categories & Extensions */ = {
			isa = PBXGroup;
			children = (
				94CAA6292219528700A9802E /* UIColor.swift */,
				94F25D8B2219564000C44EB1 /* Array.swift */,
			);
			path = "Categories & Extensions";
			sourceTree = "<group>";
		};
		94CAA62B2219545D00A9802E /* Model */ = {
			isa = PBXGroup;
			children = (
				94CAA62C2219546700A9802E /* Order.swift */,
			);
			path = Model;
			sourceTree = "<group>";
		};
		94CAA6302219550A00A9802E /* Controllers */ = {
			isa = PBXGroup;
			children = (
				94CAA62422194E5A00A9802E /* OrdersTableViewController.swift */,
				94F25D8D2219582500C44EB1 /* OrderDetailsViewController.swift */,
			);
			path = Controllers;
			sourceTree = "<group>";
		};
		94CAA6312219551500A9802E /* Views */ = {
			isa = PBXGroup;
			children = (
				94CAA62622194E6900A9802E /* OrderTableViewCell.swift */,
			);
			path = Views;
			sourceTree = "<group>";
		};
		94CAA6322219552400A9802E /* Resources */ = {
			isa = PBXGroup;
			children = (
				94CAA61922194BBC00A9802E /* Assets.xcassets */,
				94CAA61622194BBB00A9802E /* Main.storyboard */,
				94CAA61B22194BBC00A9802E /* LaunchScreen.storyboard */,
			);
			path = Resources;
			sourceTree = "<group>";
		};
		94CAA6332219553600A9802E /* Util */ = {
			isa = PBXGroup;
			children = (
				94CAA6342219554600A9802E /* OrdersFormatter.swift */,
			);
			path = Util;
			sourceTree = "<group>";
		};
		94F25D8F221958D000C44EB1 /* Data Service */ = {
			isa = PBXGroup;
			children = (
				94F25D90221958E400C44EB1 /* OrdersDataService.swift */,
			);
			path = "Data Service";
			sourceTree = "<group>";
		};
/* End PBXGroup section */

/* Begin PBXNativeTarget section */
		94CAA60E22194BBB00A9802E /* FlowerShop */ = {
			isa = PBXNativeTarget;
			buildConfigurationList = 94CAA62122194BBC00A9802E /* Build configuration list for PBXNativeTarget "FlowerShop" */;
			buildPhases = (
				CAD92F4054E07674199241AF /* [CP] Check Pods Manifest.lock */,
				94CAA60B22194BBB00A9802E /* Sources */,
				94CAA60C22194BBB00A9802E /* Frameworks */,
				94CAA60D22194BBB00A9802E /* Resources */,
				2C97D115EA27E2DDBFADB6CD /* [CP] Embed Pods Frameworks */,
			);
			buildRules = (
			);
			dependencies = (
			);
			name = FlowerShop;
			productName = FlowerShop;
			productReference = 94CAA60F22194BBB00A9802E /* FlowerShop.app */;
			productType = "com.apple.product-type.application";
		};
/* End PBXNativeTarget section */

/* Begin PBXProject section */
		94CAA60722194BBB00A9802E /* Project object */ = {
			isa = PBXProject;
			attributes = {
				LastSwiftUpdateCheck = 1000;
				LastUpgradeCheck = 1000;
				ORGANIZATIONNAME = BF;
				TargetAttributes = {
					94CAA60E22194BBB00A9802E = {
						CreatedOnToolsVersion = 10.0;
					};
				};
			};
			buildConfigurationList = 94CAA60A22194BBB00A9802E /* Build configuration list for PBXProject "FlowerShop" */;
			compatibilityVersion = "Xcode 9.3";
			developmentRegion = en;
			hasScannedForEncodings = 0;
			knownRegions = (
				en,
				Base,
			);
			mainGroup = 94CAA60622194BBB00A9802E;
			productRefGroup = 94CAA61022194BBB00A9802E /* Products */;
			projectDirPath = "";
			projectRoot = "";
			targets = (
				94CAA60E22194BBB00A9802E /* FlowerShop */,
			);
		};
/* End PBXProject section */

/* Begin PBXResourcesBuildPhase section */
		94CAA60D22194BBB00A9802E /* Resources */ = {
			isa = PBXResourcesBuildPhase;
			buildActionMask = 2147483647;
			files = (
				94CAA61D22194BBC00A9802E /* LaunchScreen.storyboard in Resources */,
				94CAA61A22194BBC00A9802E /* Assets.xcassets in Resources */,
				94CAA61822194BBB00A9802E /* Main.storyboard in Resources */,
			);
			runOnlyForDeploymentPostprocessing = 0;
		};
/* End PBXResourcesBuildPhase section */

/* Begin PBXShellScriptBuildPhase section */
		2C97D115EA27E2DDBFADB6CD /* [CP] Embed Pods Frameworks */ = {
			isa = PBXShellScriptBuildPhase;
			buildActionMask = 2147483647;
			files = (
			);
			inputPaths = (
				"${SRCROOT}/Pods/Target Support Files/Pods-FlowerShop/Pods-FlowerShop-frameworks.sh",
				"${BUILT_PRODUCTS_DIR}/Alamofire/Alamofire.framework",
				"${BUILT_PRODUCTS_DIR}/Masonry/Masonry.framework",
			);
			name = "[CP] Embed Pods Frameworks";
			outputPaths = (
				"${TARGET_BUILD_DIR}/${FRAMEWORKS_FOLDER_PATH}/Alamofire.framework",
				"${TARGET_BUILD_DIR}/${FRAMEWORKS_FOLDER_PATH}/Masonry.framework",
			);
			runOnlyForDeploymentPostprocessing = 0;
			shellPath = /bin/sh;
			shellScript = "\"${SRCROOT}/Pods/Target Support Files/Pods-FlowerShop/Pods-FlowerShop-frameworks.sh\"\n";
			showEnvVarsInLog = 0;
		};
		CAD92F4054E07674199241AF /* [CP] Check Pods Manifest.lock */ = {
			isa = PBXShellScriptBuildPhase;
			buildActionMask = 2147483647;
			files = (
			);
			inputPaths = (
				"${PODS_PODFILE_DIR_PATH}/Podfile.lock",
				"${PODS_ROOT}/Manifest.lock",
			);
			name = "[CP] Check Pods Manifest.lock";
			outputPaths = (
				"$(DERIVED_FILE_DIR)/Pods-FlowerShop-checkManifestLockResult.txt",
			);
			runOnlyForDeploymentPostprocessing = 0;
			shellPath = /bin/sh;
			shellScript = "diff \"${PODS_PODFILE_DIR_PATH}/Podfile.lock\" \"${PODS_ROOT}/Manifest.lock\" > /dev/null\nif [ $? != 0 ] ; then\n    # print error to STDERR\n    echo \"error: The sandbox is not in sync with the Podfile.lock. Run 'pod install' or update your CocoaPods installation.\" >&2\n    exit 1\nfi\n# This output is used by Xcode 'outputs' to avoid re-running this script phase.\necho \"SUCCESS\" > \"${SCRIPT_OUTPUT_FILE_0}\"\n";
			showEnvVarsInLog = 0;
		};
/* End PBXShellScriptBuildPhase section */

/* Begin PBXSourcesBuildPhase section */
		94CAA60B22194BBB00A9802E /* Sources */ = {
			isa = PBXSourcesBuildPhase;
			buildActionMask = 2147483647;
			files = (
				94F25D8E2219582500C44EB1 /* OrderDetailsViewController.swift in Sources */,
				94CAA62722194E6900A9802E /* OrderTableViewCell.swift in Sources */,
				94CAA62A2219528700A9802E /* UIColor.swift in Sources */,
				94F25D8C2219564000C44EB1 /* Array.swift in Sources */,
				94F25D91221958E400C44EB1 /* OrdersDataService.swift in Sources */,
				94CAA62D2219546700A9802E /* Order.swift in Sources */,
				94CAA62522194E5A00A9802E /* OrdersTableViewController.swift in Sources */,
				94CAA61322194BBB00A9802E /* AppDelegate.swift in Sources */,
				94CAA6352219554600A9802E /* OrdersFormatter.swift in Sources */,
			);
			runOnlyForDeploymentPostprocessing = 0;
		};
/* End PBXSourcesBuildPhase section */

/* Begin PBXVariantGroup section */
		94CAA61622194BBB00A9802E /* Main.storyboard */ = {
			isa = PBXVariantGroup;
			children = (
				94CAA61722194BBB00A9802E /* Base */,
			);
			name = Main.storyboard;
			sourceTree = "<group>";
		};
		94CAA61B22194BBC00A9802E /* LaunchScreen.storyboard */ = {
			isa = PBXVariantGroup;
			children = (
				94CAA61C22194BBC00A9802E /* Base */,
			);
			name = LaunchScreen.storyboard;
			sourceTree = "<group>";
		};
/* End PBXVariantGroup section */

/* Begin XCBuildConfiguration section */
		94CAA61F22194BBC00A9802E /* Debug */ = {
			isa = XCBuildConfiguration;
			buildSettings = {
				ALWAYS_SEARCH_USER_PATHS = NO;
				CLANG_ANALYZER_NONNULL = YES;
				CLANG_ANALYZER_NUMBER_OBJECT_CONVERSION = YES_AGGRESSIVE;
				CLANG_CXX_LANGUAGE_STANDARD = "gnu++14";
				CLANG_CXX_LIBRARY = "libc++";
				CLANG_ENABLE_MODULES = YES;
				CLANG_ENABLE_OBJC_ARC = YES;
				CLANG_ENABLE_OBJC_WEAK = YES;
				CLANG_WARN_BLOCK_CAPTURE_AUTORELEASING = YES;
				CLANG_WARN_BOOL_CONVERSION = YES;
				CLANG_WARN_COMMA = YES;
				CLANG_WARN_CONSTANT_CONVERSION = YES;
				CLANG_WARN_DEPRECATED_OBJC_IMPLEMENTATIONS = YES;
				CLANG_WARN_DIRECT_OBJC_ISA_USAGE = YES_ERROR;
				CLANG_WARN_DOCUMENTATION_COMMENTS = YES;
				CLANG_WARN_EMPTY_BODY = YES;
				CLANG_WARN_ENUM_CONVERSION = YES;
				CLANG_WARN_INFINITE_RECURSION = YES;
				CLANG_WARN_INT_CONVERSION = YES;
				CLANG_WARN_NON_LITERAL_NULL_CONVERSION = YES;
				CLANG_WARN_OBJC_IMPLICIT_RETAIN_SELF = YES;
				CLANG_WARN_OBJC_LITERAL_CONVERSION = YES;
				CLANG_WARN_OBJC_ROOT_CLASS = YES_ERROR;
				CLANG_WARN_RANGE_LOOP_ANALYSIS = YES;
				CLANG_WARN_STRICT_PROTOTYPES = YES;
				CLANG_WARN_SUSPICIOUS_MOVE = YES;
				CLANG_WARN_UNGUARDED_AVAILABILITY = YES_AGGRESSIVE;
				CLANG_WARN_UNREACHABLE_CODE = YES;
				CLANG_WARN__DUPLICATE_METHOD_MATCH = YES;
				CODE_SIGN_IDENTITY = "iPhone Developer";
				COPY_PHASE_STRIP = NO;
				DEBUG_INFORMATION_FORMAT = dwarf;
				ENABLE_STRICT_OBJC_MSGSEND = YES;
				ENABLE_TESTABILITY = YES;
				GCC_C_LANGUAGE_STANDARD = gnu11;
				GCC_DYNAMIC_NO_PIC = NO;
				GCC_NO_COMMON_BLOCKS = YES;
				GCC_OPTIMIZATION_LEVEL = 0;
				GCC_PREPROCESSOR_DEFINITIONS = (
					"DEBUG=1",
					"$(inherited)",
				);
				GCC_WARN_64_TO_32_BIT_CONVERSION = YES;
				GCC_WARN_ABOUT_RETURN_TYPE = YES_ERROR;
				GCC_WARN_UNDECLARED_SELECTOR = YES;
				GCC_WARN_UNINITIALIZED_AUTOS = YES_AGGRESSIVE;
				GCC_WARN_UNUSED_FUNCTION = YES;
				GCC_WARN_UNUSED_VARIABLE = YES;
				IPHONEOS_DEPLOYMENT_TARGET = 12.0;
				MTL_ENABLE_DEBUG_INFO = INCLUDE_SOURCE;
				MTL_FAST_MATH = YES;
				ONLY_ACTIVE_ARCH = YES;
				SDKROOT = iphoneos;
				SWIFT_ACTIVE_COMPILATION_CONDITIONS = DEBUG;
				SWIFT_OPTIMIZATION_LEVEL = "-Onone";
			};
			name = Debug;
		};
		94CAA62022194BBC00A9802E /* Release */ = {
			isa = XCBuildConfiguration;
			buildSettings = {
				ALWAYS_SEARCH_USER_PATHS = NO;
				CLANG_ANALYZER_NONNULL = YES;
				CLANG_ANALYZER_NUMBER_OBJECT_CONVERSION = YES_AGGRESSIVE;
				CLANG_CXX_LANGUAGE_STANDARD = "gnu++14";
				CLANG_CXX_LIBRARY = "libc++";
				CLANG_ENABLE_MODULES = YES;
				CLANG_ENABLE_OBJC_ARC = YES;
				CLANG_ENABLE_OBJC_WEAK = YES;
				CLANG_WARN_BLOCK_CAPTURE_AUTORELEASING = YES;
				CLANG_WARN_BOOL_CONVERSION = YES;
				CLANG_WARN_COMMA = YES;
				CLANG_WARN_CONSTANT_CONVERSION = YES;
				CLANG_WARN_DEPRECATED_OBJC_IMPLEMENTATIONS = YES;
				CLANG_WARN_DIRECT_OBJC_ISA_USAGE = YES_ERROR;
				CLANG_WARN_DOCUMENTATION_COMMENTS = YES;
				CLANG_WARN_EMPTY_BODY = YES;
				CLANG_WARN_ENUM_CONVERSION = YES;
				CLANG_WARN_INFINITE_RECURSION = YES;
				CLANG_WARN_INT_CONVERSION = YES;
				CLANG_WARN_NON_LITERAL_NULL_CONVERSION = YES;
				CLANG_WARN_OBJC_IMPLICIT_RETAIN_SELF = YES;
				CLANG_WARN_OBJC_LITERAL_CONVERSION = YES;
				CLANG_WARN_OBJC_ROOT_CLASS = YES_ERROR;
				CLANG_WARN_RANGE_LOOP_ANALYSIS = YES;
				CLANG_WARN_STRICT_PROTOTYPES = YES;
				CLANG_WARN_SUSPICIOUS_MOVE = YES;
				CLANG_WARN_UNGUARDED_AVAILABILITY = YES_AGGRESSIVE;
				CLANG_WARN_UNREACHABLE_CODE = YES;
				CLANG_WARN__DUPLICATE_METHOD_MATCH = YES;
				CODE_SIGN_IDENTITY = "iPhone Developer";
				COPY_PHASE_STRIP = NO;
				DEBUG_INFORMATION_FORMAT = "dwarf-with-dsym";
				ENABLE_NS_ASSERTIONS = NO;
				ENABLE_STRICT_OBJC_MSGSEND = YES;
				GCC_C_LANGUAGE_STANDARD = gnu11;
				GCC_NO_COMMON_BLOCKS = YES;
				GCC_WARN_64_TO_32_BIT_CONVERSION = YES;
				GCC_WARN_ABOUT_RETURN_TYPE = YES_ERROR;
				GCC_WARN_UNDECLARED_SELECTOR = YES;
				GCC_WARN_UNINITIALIZED_AUTOS = YES_AGGRESSIVE;
				GCC_WARN_UNUSED_FUNCTION = YES;
				GCC_WARN_UNUSED_VARIABLE = YES;
				IPHONEOS_DEPLOYMENT_TARGET = 12.0;
				MTL_ENABLE_DEBUG_INFO = NO;
				MTL_FAST_MATH = YES;
				SDKROOT = iphoneos;
				SWIFT_COMPILATION_MODE = wholemodule;
				SWIFT_OPTIMIZATION_LEVEL = "-O";
				VALIDATE_PRODUCT = YES;
			};
			name = Release;
		};
		94CAA62222194BBC00A9802E /* Debug */ = {
			isa = XCBuildConfiguration;
			baseConfigurationReference = 74CB8F9460E5215361B9D098 /* Pods-FlowerShop.debug.xcconfig */;
			buildSettings = {
				ASSETCATALOG_COMPILER_APPICON_NAME = AppIcon;
				CODE_SIGN_STYLE = Automatic;
				DEVELOPMENT_TEAM = 48PFPZFR6T;
				INFOPLIST_FILE = FlowerShop/Info.plist;
				LD_RUNPATH_SEARCH_PATHS = (
					"$(inherited)",
					"@executable_path/Frameworks",
				);
				PRODUCT_BUNDLE_IDENTIFIER = BF.FlowerShop;
				PRODUCT_NAME = "$(TARGET_NAME)";
				SWIFT_VERSION = 4.2;
				TARGETED_DEVICE_FAMILY = "1,2";
			};
			name = Debug;
		};
		94CAA62322194BBC00A9802E /* Release */ = {
			isa = XCBuildConfiguration;
			baseConfigurationReference = 7E4626B9AE35B99B9C065A10 /* Pods-FlowerShop.release.xcconfig */;
			buildSettings = {
				ASSETCATALOG_COMPILER_APPICON_NAME = AppIcon;
				CODE_SIGN_STYLE = Automatic;
				DEVELOPMENT_TEAM = 48PFPZFR6T;
				INFOPLIST_FILE = FlowerShop/Info.plist;
				LD_RUNPATH_SEARCH_PATHS = (
					"$(inherited)",
					"@executable_path/Frameworks",
				);
				PRODUCT_BUNDLE_IDENTIFIER = BF.FlowerShop;
				PRODUCT_NAME = "$(TARGET_NAME)";
				SWIFT_VERSION = 4.2;
				TARGETED_DEVICE_FAMILY = "1,2";
			};
			name = Release;
		};
/* End XCBuildConfiguration section */

/* Begin XCConfigurationList section */
		94CAA60A22194BBB00A9802E /* Build configuration list for PBXProject "FlowerShop" */ = {
			isa = XCConfigurationList;
			buildConfigurations = (
				94CAA61F22194BBC00A9802E /* Debug */,
				94CAA62022194BBC00A9802E /* Release */,
			);
			defaultConfigurationIsVisible = 0;
			defaultConfigurationName = Release;
		};
		94CAA62122194BBC00A9802E /* Build configuration list for PBXNativeTarget "FlowerShop" */ = {
			isa = XCConfigurationList;
			buildConfigurations = (
				94CAA62222194BBC00A9802E /* Debug */,
				94CAA62322194BBC00A9802E /* Release */,
			);
			defaultConfigurationIsVisible = 0;
			defaultConfigurationName = Release;
		};
/* End XCConfigurationList section */
	};
	rootObject = 94CAA60722194BBB00A9802E /* Project object */;
}
